// !$*UTF8*$!
{
	archiveVersion = 1;
	classes = {
	};
	objectVersion = 46;
	objects = {

/* Begin PBXBuildFile section */
		640968491954ABE6003DEE19 /* main.storyboard in Resources */ = {isa = PBXBuildFile; fileRef = 640968481954ABE6003DEE19 /* main.storyboard */; };
		6409684C1954B291003DEE19 /* STaskListTableViewController.m in Sources */ = {isa = PBXBuildFile; fileRef = 6409684B1954B291003DEE19 /* STaskListTableViewController.m */; };
		643F2BDB1955ED37003EBE58 /* Security.framework in Frameworks */ = {isa = PBXBuildFile; fileRef = 643F2BDA1955ED36003EBE58 /* Security.framework */; };
		643F2BDD1955ED4B003EBE58 /* SystemConfiguration.framework in Frameworks */ = {isa = PBXBuildFile; fileRef = 643F2BDC1955ED4B003EBE58 /* SystemConfiguration.framework */; };
		643F2BDF1955FD89003EBE58 /* AssetsLibrary.framework in Frameworks */ = {isa = PBXBuildFile; fileRef = 643F2BDE1955FD89003EBE58 /* AssetsLibrary.framework */; };
		643F2BE11955FDB1003EBE58 /* AddressBook.framework in Frameworks */ = {isa = PBXBuildFile; fileRef = 643F2BE01955FDB1003EBE58 /* AddressBook.framework */; settings = {ATTRIBUTES = (Required, ); }; };
		643F2BE3195601A7003EBE58 /* CoreLocation.framework in Frameworks */ = {isa = PBXBuildFile; fileRef = 643F2BE2195601A7003EBE58 /* CoreLocation.framework */; settings = {ATTRIBUTES = (Required, ); }; };
		643F2BE5195601BB003EBE58 /* CoreMotion.framework in Frameworks */ = {isa = PBXBuildFile; fileRef = 643F2BE4195601BB003EBE58 /* CoreMotion.framework */; };
		643F2BE7195601D2003EBE58 /* CoreText.framework in Frameworks */ = {isa = PBXBuildFile; fileRef = 643F2BE6195601D2003EBE58 /* CoreText.framework */; };
		643F2BE91956024D003EBE58 /* GooglePlus.framework in Frameworks */ = {isa = PBXBuildFile; fileRef = 643F2BE81956024D003EBE58 /* GooglePlus.framework */; };
		643F2BEB19560261003EBE58 /* GoogleOpenSource.framework in Frameworks */ = {isa = PBXBuildFile; fileRef = 643F2BEA19560261003EBE58 /* GoogleOpenSource.framework */; };
		643F2BED1956066E003EBE58 /* MediaPlayer.framework in Frameworks */ = {isa = PBXBuildFile; fileRef = 643F2BEC1956066E003EBE58 /* MediaPlayer.framework */; };
		643F2C3319561DE4003EBE58 /* GooglePlus.bundle in Resources */ = {isa = PBXBuildFile; fileRef = 643F2C3219561DE4003EBE58 /* GooglePlus.bundle */; };
		643F2C50195625C9003EBE58 /* headerPaths.txt in Resources */ = {isa = PBXBuildFile; fileRef = 643F2C4F195625C9003EBE58 /* headerPaths.txt */; };
		643F2C8819562F69003EBE58 /* GTLTasks_Sources.m in Sources */ = {isa = PBXBuildFile; fileRef = 643F2C8719562F69003EBE58 /* GTLTasks_Sources.m */; };
		647F61E3195247AE00DAAB3C /* Foundation.framework in Frameworks */ = {isa = PBXBuildFile; fileRef = 647F61E2195247AE00DAAB3C /* Foundation.framework */; };
		647F61E5195247AE00DAAB3C /* CoreGraphics.framework in Frameworks */ = {isa = PBXBuildFile; fileRef = 647F61E4195247AE00DAAB3C /* CoreGraphics.framework */; };
		647F61E7195247AE00DAAB3C /* UIKit.framework in Frameworks */ = {isa = PBXBuildFile; fileRef = 647F61E6195247AE00DAAB3C /* UIKit.framework */; };
		647F61ED195247AE00DAAB3C /* InfoPlist.strings in Resources */ = {isa = PBXBuildFile; fileRef = 647F61EB195247AE00DAAB3C /* InfoPlist.strings */; };
		647F61EF195247AE00DAAB3C /* main.m in Sources */ = {isa = PBXBuildFile; fileRef = 647F61EE195247AE00DAAB3C /* main.m */; };
		647F61F3195247AE00DAAB3C /* SAppDelegate.m in Sources */ = {isa = PBXBuildFile; fileRef = 647F61F2195247AE00DAAB3C /* SAppDelegate.m */; };
		647F61F5195247AE00DAAB3C /* Images.xcassets in Resources */ = {isa = PBXBuildFile; fileRef = 647F61F4195247AE00DAAB3C /* Images.xcassets */; };
		647F61FC195247AE00DAAB3C /* XCTest.framework in Frameworks */ = {isa = PBXBuildFile; fileRef = 647F61FB195247AE00DAAB3C /* XCTest.framework */; };
		647F61FD195247AE00DAAB3C /* Foundation.framework in Frameworks */ = {isa = PBXBuildFile; fileRef = 647F61E2195247AE00DAAB3C /* Foundation.framework */; };
		647F61FE195247AE00DAAB3C /* UIKit.framework in Frameworks */ = {isa = PBXBuildFile; fileRef = 647F61E6195247AE00DAAB3C /* UIKit.framework */; };
		647F6206195247AE00DAAB3C /* InfoPlist.strings in Resources */ = {isa = PBXBuildFile; fileRef = 647F6204195247AE00DAAB3C /* InfoPlist.strings */; };
		647F6208195247AE00DAAB3C /* GRemindersTests.m in Sources */ = {isa = PBXBuildFile; fileRef = 647F6207195247AE00DAAB3C /* GRemindersTests.m */; };
/* End PBXBuildFile section */

/* Begin PBXContainerItemProxy section */
		647F61FF195247AE00DAAB3C /* PBXContainerItemProxy */ = {
			isa = PBXContainerItemProxy;
			containerPortal = 647F61D7195247AE00DAAB3C /* Project object */;
			proxyType = 1;
			remoteGlobalIDString = 647F61DE195247AE00DAAB3C;
			remoteInfo = GReminders;
		};
/* End PBXContainerItemProxy section */

/* Begin PBXFileReference section */
		640968481954ABE6003DEE19 /* main.storyboard */ = {isa = PBXFileReference; fileEncoding = 4; lastKnownFileType = file.storyboard; path = main.storyboard; sourceTree = "<group>"; };
		6409684A1954B291003DEE19 /* STaskListTableViewController.h */ = {isa = PBXFileReference; fileEncoding = 4; lastKnownFileType = sourcecode.c.h; path = STaskListTableViewController.h; sourceTree = "<group>"; };
		6409684B1954B291003DEE19 /* STaskListTableViewController.m */ = {isa = PBXFileReference; fileEncoding = 4; lastKnownFileType = sourcecode.c.objc; path = STaskListTableViewController.m; sourceTree = "<group>"; };
		643F2BDA1955ED36003EBE58 /* Security.framework */ = {isa = PBXFileReference; lastKnownFileType = wrapper.framework; name = Security.framework; path = System/Library/Frameworks/Security.framework; sourceTree = SDKROOT; };
		643F2BDC1955ED4B003EBE58 /* SystemConfiguration.framework */ = {isa = PBXFileReference; lastKnownFileType = wrapper.framework; name = SystemConfiguration.framework; path = System/Library/Frameworks/SystemConfiguration.framework; sourceTree = SDKROOT; };
		643F2BDE1955FD89003EBE58 /* AssetsLibrary.framework */ = {isa = PBXFileReference; lastKnownFileType = wrapper.framework; name = AssetsLibrary.framework; path = System/Library/Frameworks/AssetsLibrary.framework; sourceTree = SDKROOT; };
		643F2BE01955FDB1003EBE58 /* AddressBook.framework */ = {isa = PBXFileReference; lastKnownFileType = wrapper.framework; name = AddressBook.framework; path = System/Library/Frameworks/AddressBook.framework; sourceTree = SDKROOT; };
		643F2BE2195601A7003EBE58 /* CoreLocation.framework */ = {isa = PBXFileReference; lastKnownFileType = wrapper.framework; name = CoreLocation.framework; path = System/Library/Frameworks/CoreLocation.framework; sourceTree = SDKROOT; };
		643F2BE4195601BB003EBE58 /* CoreMotion.framework */ = {isa = PBXFileReference; lastKnownFileType = wrapper.framework; name = CoreMotion.framework; path = System/Library/Frameworks/CoreMotion.framework; sourceTree = SDKROOT; };
		643F2BE6195601D2003EBE58 /* CoreText.framework */ = {isa = PBXFileReference; lastKnownFileType = wrapper.framework; name = CoreText.framework; path = System/Library/Frameworks/CoreText.framework; sourceTree = SDKROOT; };
		643F2BE81956024D003EBE58 /* GooglePlus.framework */ = {isa = PBXFileReference; lastKnownFileType = wrapper.framework; path = GooglePlus.framework; sourceTree = "<group>"; };
		643F2BEA19560261003EBE58 /* GoogleOpenSource.framework */ = {isa = PBXFileReference; lastKnownFileType = wrapper.framework; path = GoogleOpenSource.framework; sourceTree = "<group>"; };
		643F2BEC1956066E003EBE58 /* MediaPlayer.framework */ = {isa = PBXFileReference; lastKnownFileType = wrapper.framework; name = MediaPlayer.framework; path = System/Library/Frameworks/MediaPlayer.framework; sourceTree = SDKROOT; };
		643F2C3219561DE4003EBE58 /* GooglePlus.bundle */ = {isa = PBXFileReference; lastKnownFileType = "wrapper.plug-in"; name = GooglePlus.bundle; path = "../google-plus-ios-sdk-1.7.0/GooglePlus.bundle"; sourceTree = "<group>"; };
		643F2C4F195625C9003EBE58 /* headerPaths.txt */ = {isa = PBXFileReference; fileEncoding = 4; lastKnownFileType = text; path = headerPaths.txt; sourceTree = "<group>"; };
		643F2C8719562F69003EBE58 /* GTLTasks_Sources.m */ = {isa = PBXFileReference; fileEncoding = 4; lastKnownFileType = sourcecode.c.objc; name = GTLTasks_Sources.m; path = "../../google-api-objectivec-client-read-only/Source/Services/Tasks/Generated/GTLTasks_Sources.m"; sourceTree = "<group>"; };
		647F61DF195247AE00DAAB3C /* GReminders.app */ = {isa = PBXFileReference; explicitFileType = wrapper.application; includeInIndex = 0; path = GReminders.app; sourceTree = BUILT_PRODUCTS_DIR; };
		647F61E2195247AE00DAAB3C /* Foundation.framework */ = {isa = PBXFileReference; lastKnownFileType = wrapper.framework; name = Foundation.framework; path = System/Library/Frameworks/Foundation.framework; sourceTree = SDKROOT; };
		647F61E4195247AE00DAAB3C /* CoreGraphics.framework */ = {isa = PBXFileReference; lastKnownFileType = wrapper.framework; name = CoreGraphics.framework; path = System/Library/Frameworks/CoreGraphics.framework; sourceTree = SDKROOT; };
		647F61E6195247AE00DAAB3C /* UIKit.framework */ = {isa = PBXFileReference; lastKnownFileType = wrapper.framework; name = UIKit.framework; path = System/Library/Frameworks/UIKit.framework; sourceTree = SDKROOT; };
		647F61EA195247AE00DAAB3C /* GReminders-Info.plist */ = {isa = PBXFileReference; lastKnownFileType = text.plist.xml; path = "GReminders-Info.plist"; sourceTree = "<group>"; };
		647F61EC195247AE00DAAB3C /* en */ = {isa = PBXFileReference; lastKnownFileType = text.plist.strings; name = en; path = en.lproj/InfoPlist.strings; sourceTree = "<group>"; };
		647F61EE195247AE00DAAB3C /* main.m */ = {isa = PBXFileReference; lastKnownFileType = sourcecode.c.objc; path = main.m; sourceTree = "<group>"; };
		647F61F0195247AE00DAAB3C /* GReminders-Prefix.pch */ = {isa = PBXFileReference; lastKnownFileType = sourcecode.c.h; path = "GReminders-Prefix.pch"; sourceTree = "<group>"; };
		647F61F1195247AE00DAAB3C /* SAppDelegate.h */ = {isa = PBXFileReference; lastKnownFileType = sourcecode.c.h; path = SAppDelegate.h; sourceTree = "<group>"; };
		647F61F2195247AE00DAAB3C /* SAppDelegate.m */ = {isa = PBXFileReference; lastKnownFileType = sourcecode.c.objc; path = SAppDelegate.m; sourceTree = "<group>"; };
		647F61F4195247AE00DAAB3C /* Images.xcassets */ = {isa = PBXFileReference; lastKnownFileType = folder.assetcatalog; path = Images.xcassets; sourceTree = "<group>"; };
		647F61FA195247AE00DAAB3C /* GRemindersTests.xctest */ = {isa = PBXFileReference; explicitFileType = wrapper.cfbundle; includeInIndex = 0; path = GRemindersTests.xctest; sourceTree = BUILT_PRODUCTS_DIR; };
		647F61FB195247AE00DAAB3C /* XCTest.framework */ = {isa = PBXFileReference; lastKnownFileType = wrapper.framework; name = XCTest.framework; path = Library/Frameworks/XCTest.framework; sourceTree = DEVELOPER_DIR; };
		647F6203195247AE00DAAB3C /* GRemindersTests-Info.plist */ = {isa = PBXFileReference; lastKnownFileType = text.plist.xml; path = "GRemindersTests-Info.plist"; sourceTree = "<group>"; };
		647F6205195247AE00DAAB3C /* en */ = {isa = PBXFileReference; lastKnownFileType = text.plist.strings; name = en; path = en.lproj/InfoPlist.strings; sourceTree = "<group>"; };
		647F6207195247AE00DAAB3C /* GRemindersTests.m */ = {isa = PBXFileReference; lastKnownFileType = sourcecode.c.objc; path = GRemindersTests.m; sourceTree = "<group>"; };
/* End PBXFileReference section */

/* Begin PBXFrameworksBuildPhase section */
		647F61DC195247AE00DAAB3C /* Frameworks */ = {
			isa = PBXFrameworksBuildPhase;
			buildActionMask = 2147483647;
			files = (
				643F2BED1956066E003EBE58 /* MediaPlayer.framework in Frameworks */,
				643F2BE7195601D2003EBE58 /* CoreText.framework in Frameworks */,
				643F2BE5195601BB003EBE58 /* CoreMotion.framework in Frameworks */,
				643F2BE3195601A7003EBE58 /* CoreLocation.framework in Frameworks */,
				643F2BE11955FDB1003EBE58 /* AddressBook.framework in Frameworks */,
				643F2BDF1955FD89003EBE58 /* AssetsLibrary.framework in Frameworks */,
				643F2BDD1955ED4B003EBE58 /* SystemConfiguration.framework in Frameworks */,
				643F2BDB1955ED37003EBE58 /* Security.framework in Frameworks */,
				647F61E5195247AE00DAAB3C /* CoreGraphics.framework in Frameworks */,
				647F61E7195247AE00DAAB3C /* UIKit.framework in Frameworks */,
				647F61E3195247AE00DAAB3C /* Foundation.framework in Frameworks */,
				643F2BEB19560261003EBE58 /* GoogleOpenSource.framework in Frameworks */,
				643F2BE91956024D003EBE58 /* GooglePlus.framework in Frameworks */,
			);
			runOnlyForDeploymentPostprocessing = 0;
		};
		647F61F7195247AE00DAAB3C /* Frameworks */ = {
			isa = PBXFrameworksBuildPhase;
			buildActionMask = 2147483647;
			files = (
				647F61FC195247AE00DAAB3C /* XCTest.framework in Frameworks */,
				647F61FE195247AE00DAAB3C /* UIKit.framework in Frameworks */,
				647F61FD195247AE00DAAB3C /* Foundation.framework in Frameworks */,
			);
			runOnlyForDeploymentPostprocessing = 0;
		};
/* End PBXFrameworksBuildPhase section */

/* Begin PBXGroup section */
		647F61D6195247AE00DAAB3C = {
			isa = PBXGroup;
			children = (
				647F61E8195247AE00DAAB3C /* GReminders */,
				647F6201195247AE00DAAB3C /* GRemindersTests */,
				643F2C3219561DE4003EBE58 /* GooglePlus.bundle */,
				647F61E1195247AE00DAAB3C /* Frameworks */,
				647F61E0195247AE00DAAB3C /* Products */,
			);
			sourceTree = "<group>";
		};
		647F61E0195247AE00DAAB3C /* Products */ = {
			isa = PBXGroup;
			children = (
				647F61DF195247AE00DAAB3C /* GReminders.app */,
				647F61FA195247AE00DAAB3C /* GRemindersTests.xctest */,
			);
			name = Products;
			sourceTree = "<group>";
		};
		647F61E1195247AE00DAAB3C /* Frameworks */ = {
			isa = PBXGroup;
			children = (
				643F2BEC1956066E003EBE58 /* MediaPlayer.framework */,
				643F2BEA19560261003EBE58 /* GoogleOpenSource.framework */,
				643F2BE81956024D003EBE58 /* GooglePlus.framework */,
				643F2BE6195601D2003EBE58 /* CoreText.framework */,
				643F2BE4195601BB003EBE58 /* CoreMotion.framework */,
				643F2BE2195601A7003EBE58 /* CoreLocation.framework */,
				643F2BE01955FDB1003EBE58 /* AddressBook.framework */,
				643F2BDE1955FD89003EBE58 /* AssetsLibrary.framework */,
				643F2BDC1955ED4B003EBE58 /* SystemConfiguration.framework */,
				643F2BDA1955ED36003EBE58 /* Security.framework */,
				647F61E2195247AE00DAAB3C /* Foundation.framework */,
				647F61E4195247AE00DAAB3C /* CoreGraphics.framework */,
				647F61E6195247AE00DAAB3C /* UIKit.framework */,
				647F61FB195247AE00DAAB3C /* XCTest.framework */,
			);
			name = Frameworks;
			sourceTree = "<group>";
		};
		647F61E8195247AE00DAAB3C /* GReminders */ = {
			isa = PBXGroup;
			children = (
				640968481954ABE6003DEE19 /* main.storyboard */,
				6409684A1954B291003DEE19 /* STaskListTableViewController.h */,
				6409684B1954B291003DEE19 /* STaskListTableViewController.m */,
				647F61F1195247AE00DAAB3C /* SAppDelegate.h */,
				643F2C8719562F69003EBE58 /* GTLTasks_Sources.m */,
				647F61F2195247AE00DAAB3C /* SAppDelegate.m */,
				647F61F4195247AE00DAAB3C /* Images.xcassets */,
				647F61E9195247AE00DAAB3C /* Supporting Files */,
			);
			path = GReminders;
			sourceTree = "<group>";
		};
		647F61E9195247AE00DAAB3C /* Supporting Files */ = {
			isa = PBXGroup;
			children = (
				643F2C4F195625C9003EBE58 /* headerPaths.txt */,
				647F61EA195247AE00DAAB3C /* GReminders-Info.plist */,
				647F61EB195247AE00DAAB3C /* InfoPlist.strings */,
				647F61EE195247AE00DAAB3C /* main.m */,
				647F61F0195247AE00DAAB3C /* GReminders-Prefix.pch */,
			);
			name = "Supporting Files";
			sourceTree = "<group>";
		};
		647F6201195247AE00DAAB3C /* GRemindersTests */ = {
			isa = PBXGroup;
			children = (
				647F6207195247AE00DAAB3C /* GRemindersTests.m */,
				647F6202195247AE00DAAB3C /* Supporting Files */,
			);
			path = GRemindersTests;
			sourceTree = "<group>";
		};
		647F6202195247AE00DAAB3C /* Supporting Files */ = {
			isa = PBXGroup;
			children = (
				647F6203195247AE00DAAB3C /* GRemindersTests-Info.plist */,
				647F6204195247AE00DAAB3C /* InfoPlist.strings */,
			);
			name = "Supporting Files";
			sourceTree = "<group>";
		};
/* End PBXGroup section */

/* Begin PBXNativeTarget section */
		647F61DE195247AE00DAAB3C /* GReminders */ = {
			isa = PBXNativeTarget;
			buildConfigurationList = 647F620B195247AE00DAAB3C /* Build configuration list for PBXNativeTarget "GReminders" */;
			buildPhases = (
				647F61DB195247AE00DAAB3C /* Sources */,
				647F61DC195247AE00DAAB3C /* Frameworks */,
				647F61DD195247AE00DAAB3C /* Resources */,
			);
			buildRules = (
			);
			dependencies = (
			);
			name = GReminders;
			productName = GReminders;
			productReference = 647F61DF195247AE00DAAB3C /* GReminders.app */;
			productType = "com.apple.product-type.application";
		};
		647F61F9195247AE00DAAB3C /* GRemindersTests */ = {
			isa = PBXNativeTarget;
			buildConfigurationList = 647F620E195247AE00DAAB3C /* Build configuration list for PBXNativeTarget "GRemindersTests" */;
			buildPhases = (
				647F61F6195247AE00DAAB3C /* Sources */,
				647F61F7195247AE00DAAB3C /* Frameworks */,
				647F61F8195247AE00DAAB3C /* Resources */,
			);
			buildRules = (
			);
			dependencies = (
				647F6200195247AE00DAAB3C /* PBXTargetDependency */,
			);
			name = GRemindersTests;
			productName = GRemindersTests;
			productReference = 647F61FA195247AE00DAAB3C /* GRemindersTests.xctest */;
			productType = "com.apple.product-type.bundle.unit-test";
		};
/* End PBXNativeTarget section */

/* Begin PBXProject section */
		647F61D7195247AE00DAAB3C /* Project object */ = {
			isa = PBXProject;
			attributes = {
				CLASSPREFIX = S;
				LastUpgradeCheck = 0510;
				ORGANIZATIONNAME = "Samuel Teeter";
				TargetAttributes = {
					647F61F9195247AE00DAAB3C = {
						TestTargetID = 647F61DE195247AE00DAAB3C;
					};
				};
			};
			buildConfigurationList = 647F61DA195247AE00DAAB3C /* Build configuration list for PBXProject "GReminders" */;
			compatibilityVersion = "Xcode 3.2";
			developmentRegion = English;
			hasScannedForEncodings = 0;
			knownRegions = (
				en,
			);
			mainGroup = 647F61D6195247AE00DAAB3C;
			productRefGroup = 647F61E0195247AE00DAAB3C /* Products */;
			projectDirPath = "";
			projectRoot = "";
			targets = (
				647F61DE195247AE00DAAB3C /* GReminders */,
				647F61F9195247AE00DAAB3C /* GRemindersTests */,
			);
		};
/* End PBXProject section */

/* Begin PBXResourcesBuildPhase section */
		647F61DD195247AE00DAAB3C /* Resources */ = {
			isa = PBXResourcesBuildPhase;
			buildActionMask = 2147483647;
			files = (
				647F61ED195247AE00DAAB3C /* InfoPlist.strings in Resources */,
				643F2C50195625C9003EBE58 /* headerPaths.txt in Resources */,
				647F61F5195247AE00DAAB3C /* Images.xcassets in Resources */,
				643F2C3319561DE4003EBE58 /* GooglePlus.bundle in Resources */,
				640968491954ABE6003DEE19 /* main.storyboard in Resources */,
			);
			runOnlyForDeploymentPostprocessing = 0;
		};
		647F61F8195247AE00DAAB3C /* Resources */ = {
			isa = PBXResourcesBuildPhase;
			buildActionMask = 2147483647;
			files = (
				647F6206195247AE00DAAB3C /* InfoPlist.strings in Resources */,
			);
			runOnlyForDeploymentPostprocessing = 0;
		};
/* End PBXResourcesBuildPhase section */

/* Begin PBXSourcesBuildPhase section */
		647F61DB195247AE00DAAB3C /* Sources */ = {
			isa = PBXSourcesBuildPhase;
			buildActionMask = 2147483647;
			files = (
				647F61F3195247AE00DAAB3C /* SAppDelegate.m in Sources */,
				643F2C8819562F69003EBE58 /* GTLTasks_Sources.m in Sources */,
				647F61EF195247AE00DAAB3C /* main.m in Sources */,
				6409684C1954B291003DEE19 /* STaskListTableViewController.m in Sources */,
			);
			runOnlyForDeploymentPostprocessing = 0;
		};
		647F61F6195247AE00DAAB3C /* Sources */ = {
			isa = PBXSourcesBuildPhase;
			buildActionMask = 2147483647;
			files = (
				647F6208195247AE00DAAB3C /* GRemindersTests.m in Sources */,
			);
			runOnlyForDeploymentPostprocessing = 0;
		};
/* End PBXSourcesBuildPhase section */

/* Begin PBXTargetDependency section */
		647F6200195247AE00DAAB3C /* PBXTargetDependency */ = {
			isa = PBXTargetDependency;
			target = 647F61DE195247AE00DAAB3C /* GReminders */;
			targetProxy = 647F61FF195247AE00DAAB3C /* PBXContainerItemProxy */;
		};
/* End PBXTargetDependency section */

/* Begin PBXVariantGroup section */
		647F61EB195247AE00DAAB3C /* InfoPlist.strings */ = {
			isa = PBXVariantGroup;
			children = (
				647F61EC195247AE00DAAB3C /* en */,
			);
			name = InfoPlist.strings;
			sourceTree = "<group>";
		};
		647F6204195247AE00DAAB3C /* InfoPlist.strings */ = {
			isa = PBXVariantGroup;
			children = (
				647F6205195247AE00DAAB3C /* en */,
			);
			name = InfoPlist.strings;
			sourceTree = "<group>";
		};
/* End PBXVariantGroup section */

/* Begin XCBuildConfiguration section */
		647F6209195247AE00DAAB3C /* Debug */ = {
			isa = XCBuildConfiguration;
			buildSettings = {
				ALWAYS_SEARCH_USER_PATHS = NO;
				CLANG_CXX_LANGUAGE_STANDARD = "gnu++0x";
				CLANG_CXX_LIBRARY = "libc++";
				CLANG_ENABLE_MODULES = YES;
				CLANG_ENABLE_OBJC_ARC = YES;
				CLANG_WARN_BOOL_CONVERSION = YES;
				CLANG_WARN_CONSTANT_CONVERSION = YES;
				CLANG_WARN_DIRECT_OBJC_ISA_USAGE = YES_ERROR;
				CLANG_WARN_EMPTY_BODY = YES;
				CLANG_WARN_ENUM_CONVERSION = YES;
				CLANG_WARN_INT_CONVERSION = YES;
				CLANG_WARN_OBJC_ROOT_CLASS = YES_ERROR;
				CLANG_WARN__DUPLICATE_METHOD_MATCH = YES;
				"CODE_SIGN_IDENTITY[sdk=iphoneos*]" = "iPhone Developer";
				COPY_PHASE_STRIP = NO;
				GCC_C_LANGUAGE_STANDARD = gnu99;
				GCC_DYNAMIC_NO_PIC = NO;
				GCC_OPTIMIZATION_LEVEL = 0;
				GCC_PREPROCESSOR_DEFINITIONS = (
					"DEBUG=1",
					"$(inherited)",
				);
				GCC_SYMBOLS_PRIVATE_EXTERN = NO;
				GCC_WARN_64_TO_32_BIT_CONVERSION = YES;
				GCC_WARN_ABOUT_RETURN_TYPE = YES_ERROR;
				GCC_WARN_UNDECLARED_SELECTOR = YES;
				GCC_WARN_UNINITIALIZED_AUTOS = YES_AGGRESSIVE;
				GCC_WARN_UNUSED_FUNCTION = YES;
				GCC_WARN_UNUSED_VARIABLE = YES;
				IPHONEOS_DEPLOYMENT_TARGET = 7.1;
				ONLY_ACTIVE_ARCH = YES;
				OTHER_LDFLAGS = "-ObjC";
				SDKROOT = iphoneos;
			};
			name = Debug;
		};
		647F620A195247AE00DAAB3C /* Release */ = {
			isa = XCBuildConfiguration;
			buildSettings = {
				ALWAYS_SEARCH_USER_PATHS = NO;
				CLANG_CXX_LANGUAGE_STANDARD = "gnu++0x";
				CLANG_CXX_LIBRARY = "libc++";
				CLANG_ENABLE_MODULES = YES;
				CLANG_ENABLE_OBJC_ARC = YES;
				CLANG_WARN_BOOL_CONVERSION = YES;
				CLANG_WARN_CONSTANT_CONVERSION = YES;
				CLANG_WARN_DIRECT_OBJC_ISA_USAGE = YES_ERROR;
				CLANG_WARN_EMPTY_BODY = YES;
				CLANG_WARN_ENUM_CONVERSION = YES;
				CLANG_WARN_INT_CONVERSION = YES;
				CLANG_WARN_OBJC_ROOT_CLASS = YES_ERROR;
				CLANG_WARN__DUPLICATE_METHOD_MATCH = YES;
				"CODE_SIGN_IDENTITY[sdk=iphoneos*]" = "iPhone Developer";
				COPY_PHASE_STRIP = YES;
				ENABLE_NS_ASSERTIONS = NO;
				GCC_C_LANGUAGE_STANDARD = gnu99;
				GCC_WARN_64_TO_32_BIT_CONVERSION = YES;
				GCC_WARN_ABOUT_RETURN_TYPE = YES_ERROR;
				GCC_WARN_UNDECLARED_SELECTOR = YES;
				GCC_WARN_UNINITIALIZED_AUTOS = YES_AGGRESSIVE;
				GCC_WARN_UNUSED_FUNCTION = YES;
				GCC_WARN_UNUSED_VARIABLE = YES;
				IPHONEOS_DEPLOYMENT_TARGET = 7.1;
				OTHER_LDFLAGS = "-ObjC";
				SDKROOT = iphoneos;
				VALIDATE_PRODUCT = YES;
			};
			name = Release;
		};
		647F620C195247AE00DAAB3C /* Debug */ = {
			isa = XCBuildConfiguration;
			buildSettings = {
				ASSETCATALOG_COMPILER_APPICON_NAME = AppIcon;
				ASSETCATALOG_COMPILER_LAUNCHIMAGE_NAME = LaunchImage;
				FRAMEWORK_SEARCH_PATHS = (
					"$(inherited)",
					"$(PROJECT_DIR)",
					"/Users/samuelteeter/Scripts/google-api-objectivec-client-read-only/Source/build/Debug",
				);
				GCC_PRECOMPILE_PREFIX_HEADER = YES;
				GCC_PREFIX_HEADER = "GReminders/GReminders-Prefix.pch";
				HEADER_SEARCH_PATHS = (
					"$(inherited)",
					/Applications/Xcode.app/Contents/Developer/Toolchains/XcodeDefault.xctoolchain/usr/include,
					"/Users/samuelteeter/Scripts/google-api-objectivec-client-read-only/Source",
					"/Users/samuelteeter/Scripts/google-api-objectivec-client-read-only/Source/Objects",
					"/Users/samuelteeter/Scripts/google-api-objectivec-client-read-only/Source/Utilities",
					"/Users/samuelteeter/Scripts/google-api-objectivec-client-read-only/Source/HTTPFetcher",
					"/Users/samuelteeter/Scripts/google-api-objectivec-client-read-only/Source",
					"/Users/samuelteeter/Scripts/google-api-objectivec-client-read-only/Source/Services/Tasks/Generated",
				);
				INFOPLIST_FILE = "GReminders/GReminders-Info.plist";
				LIBRARY_SEARCH_PATHS = (
					"$(inherited)",
					"/Users/samuelteeter/Scripts/google-api-objectivec-client-read-only/Source/build/Debug-iphoneos",
				);
				OTHER_LDFLAGS = (
					"-ObjC",
					"-all_load",
				);
				PRODUCT_NAME = "$(TARGET_NAME)";
				WRAPPER_EXTENSION = app;
			};
			name = Debug;
		};
		647F620D195247AE00DAAB3C /* Release */ = {
			isa = XCBuildConfiguration;
			buildSettings = {
				ASSETCATALOG_COMPILER_APPICON_NAME = AppIcon;
				ASSETCATALOG_COMPILER_LAUNCHIMAGE_NAME = LaunchImage;
				FRAMEWORK_SEARCH_PATHS = (
					"$(inherited)",
					"$(PROJECT_DIR)",
					"/Users/samuelteeter/Scripts/google-api-objectivec-client-read-only/Source/build/Debug",
				);
				GCC_PRECOMPILE_PREFIX_HEADER = YES;
				GCC_PREFIX_HEADER = "GReminders/GReminders-Prefix.pch";
				HEADER_SEARCH_PATHS = (
					"$(inherited)",
					/Applications/Xcode.app/Contents/Developer/Toolchains/XcodeDefault.xctoolchain/usr/include,
					"/Users/samuelteeter/Scripts/google-api-objectivec-client-read-only/Source",
					"/Users/samuelteeter/Scripts/google-api-objectivec-client-read-only/Source/Objects",
					"/Users/samuelteeter/Scripts/google-api-objectivec-client-read-only/Source/Utilities",
					"/Users/samuelteeter/Scripts/google-api-objectivec-client-read-only/Source/HTTPFetcher",
					"/Users/samuelteeter/Scripts/google-api-objectivec-client-read-only/Source",
					"/Users/samuelteeter/Scripts/google-api-objectivec-client-read-only/Source/Services/Tasks/Generated",
				);
				INFOPLIST_FILE = "GReminders/GReminders-Info.plist";
				LIBRARY_SEARCH_PATHS = (
					"$(inherited)",
					"/Users/samuelteeter/Scripts/google-api-objectivec-client-read-only/Source/build/Debug-iphoneos",
				);
				OTHER_LDFLAGS = (
					"-ObjC",
					"-all_load",
				);
				PRODUCT_NAME = "$(TARGET_NAME)";
				WRAPPER_EXTENSION = app;
			};
			name = Release;
		};
		647F620F195247AE00DAAB3C /* Debug */ = {
			isa = XCBuildConfiguration;
			buildSettings = {
				BUNDLE_LOADER = "$(BUILT_PRODUCTS_DIR)/GReminders.app/GReminders";
				FRAMEWORK_SEARCH_PATHS = (
					"$(SDKROOT)/Developer/Library/Frameworks",
					"$(inherited)",
					"$(DEVELOPER_FRAMEWORKS_DIR)",
				);
				GCC_PRECOMPILE_PREFIX_HEADER = YES;
				GCC_PREFIX_HEADER = "GReminders/GReminders-Prefix.pch";
				GCC_PREPROCESSOR_DEFINITIONS = (
					"DEBUG=1",
					"$(inherited)",
				);
				INFOPLIST_FILE = "GRemindersTests/GRemindersTests-Info.plist";
				PRODUCT_NAME = "$(TARGET_NAME)";
				TEST_HOST = "$(BUNDLE_LOADER)";
				WRAPPER_EXTENSION = xctest;
			};
			name = Debug;
		};
		647F6210195247AE00DAAB3C /* Release */ = {
			isa = XCBuildConfiguration;
			buildSettings = {
				BUNDLE_LOADER = "$(BUILT_PRODUCTS_DIR)/GReminders.app/GReminders";
				FRAMEWORK_SEARCH_PATHS = (
					"$(SDKROOT)/Developer/Library/Frameworks",
					"$(inherited)",
					"$(DEVELOPER_FRAMEWORKS_DIR)",
				);
				GCC_PRECOMPILE_PREFIX_HEADER = YES;
				GCC_PREFIX_HEADER = "GReminders/GReminders-Prefix.pch";
				INFOPLIST_FILE = "GRemindersTests/GRemindersTests-Info.plist";
				PRODUCT_NAME = "$(TARGET_NAME)";
				TEST_HOST = "$(BUNDLE_LOADER)";
				WRAPPER_EXTENSION = xctest;
			};
			name = Release;
		};
/* End XCBuildConfiguration section */

/* Begin XCConfigurationList section */
		647F61DA195247AE00DAAB3C /* Build configuration list for PBXProject "GReminders" */ = {
			isa = XCConfigurationList;
			buildConfigurations = (
				647F6209195247AE00DAAB3C /* Debug */,
				647F620A195247AE00DAAB3C /* Release */,
			);
			defaultConfigurationIsVisible = 0;
			defaultConfigurationName = Release;
		};
		647F620B195247AE00DAAB3C /* Build configuration list for PBXNativeTarget "GReminders" */ = {
			isa = XCConfigurationList;
			buildConfigurations = (
				647F620C195247AE00DAAB3C /* Debug */,
				647F620D195247AE00DAAB3C /* Release */,
			);
			defaultConfigurationIsVisible = 0;
			defaultConfigurationName = Release;
		};
		647F620E195247AE00DAAB3C /* Build configuration list for PBXNativeTarget "GRemindersTests" */ = {
			isa = XCConfigurationList;
			buildConfigurations = (
				647F620F195247AE00DAAB3C /* Debug */,
				647F6210195247AE00DAAB3C /* Release */,
			);
			defaultConfigurationIsVisible = 0;
			defaultConfigurationName = Release;
		};
/* End XCConfigurationList section */
	};
	rootObject = 647F61D7195247AE00DAAB3C /* Project object */;
}
